
Microsoft Visual Studio Solution File, Format Version 12.00
# Visual Studio Version 17
VisualStudioVersion = 17.5.33424.131
MinimumVisualStudioVersion = 10.0.40219.1
Project("{9A19103F-16F7-4668-BE54-9A1E7A4F7556}") = "hw4.e1", "hw4.e1.csproj", "{DF45BE97-0B87-4016-B65E-A8237444AADE}"
EndProject
Global
	GlobalSection(SolutionConfigurationPlatforms) = preSolution
		Debug|Any CPU = Debug|Any CPU
		Release|Any CPU = Release|Any CPU
	EndGlobalSection
	GlobalSection(ProjectConfigurationPlatforms) = postSolution
		{DF45BE97-0B87-4016-B65E-A8237444AADE}.Debug|Any CPU.ActiveCfg = Debug|Any CPU
		{DF45BE97-0B87-4016-B65E-A8237444AADE}.Debug|Any CPU.Build.0 = Debug|Any CPU
		{DF45BE97-0B87-4016-B65E-A8237444AADE}.Release|Any CPU.ActiveCfg = Release|Any CPU
		{DF45BE97-0B87-4016-B65E-A8237444AADE}.Release|Any CPU.Build.0 = Release|Any CPU
	EndGlobalSection
	GlobalSection(SolutionProperties) = preSolution
		HideSolutionNode = FALSE
	EndGlobalSection
	GlobalSection(ExtensibilityGlobals) = postSolution
		SolutionGuid = {9F1CBB45-F898-458A-A615-7947E29FADF5}
	EndGlobalSection
EndGlobal
