
Microsoft Visual Studio Solution File, Format Version 12.00
# Visual Studio Version 17
VisualStudioVersion = 17.5.33424.131
MinimumVisualStudioVersion = 10.0.40219.1
Project("{FAE04EC0-301F-11D3-BF4B-00C04F79EFBC}") = "hw4.e2", "hw4.e2.csproj", "{74CBC71F-14DB-49BC-AF52-FC80D798FFC4}"
EndProject
Project("{FAE04EC0-301F-11D3-BF4B-00C04F79EFBC}") = "hw4.e2Tests", "..\hw4.e2Tests\hw4.e2Tests.csproj", "{C8CFDE6E-C3CD-4B18-9879-B422B5B9A891}"
EndProject
Global
	GlobalSection(SolutionConfigurationPlatforms) = preSolution
		Debug|Any CPU = Debug|Any CPU
		Release|Any CPU = Release|Any CPU
	EndGlobalSection
	GlobalSection(ProjectConfigurationPlatforms) = postSolution
		{74CBC71F-14DB-49BC-AF52-FC80D798FFC4}.Debug|Any CPU.ActiveCfg = Debug|Any CPU
		{74CBC71F-14DB-49BC-AF52-FC80D798FFC4}.Debug|Any CPU.Build.0 = Debug|Any CPU
		{74CBC71F-14DB-49BC-AF52-FC80D798FFC4}.Release|Any CPU.ActiveCfg = Release|Any CPU
		{74CBC71F-14DB-49BC-AF52-FC80D798FFC4}.Release|Any CPU.Build.0 = Release|Any CPU
		{C8CFDE6E-C3CD-4B18-9879-B422B5B9A891}.Debug|Any CPU.ActiveCfg = Debug|Any CPU
		{C8CFDE6E-C3CD-4B18-9879-B422B5B9A891}.Debug|Any CPU.Build.0 = Debug|Any CPU
		{C8CFDE6E-C3CD-4B18-9879-B422B5B9A891}.Release|Any CPU.ActiveCfg = Release|Any CPU
		{C8CFDE6E-C3CD-4B18-9879-B422B5B9A891}.Release|Any CPU.Build.0 = Release|Any CPU
	EndGlobalSection
	GlobalSection(SolutionProperties) = preSolution
		HideSolutionNode = FALSE
	EndGlobalSection
	GlobalSection(ExtensibilityGlobals) = postSolution
		SolutionGuid = {66ECFC2D-28EA-4289-A62B-2DA5CBEB1B48}
	EndGlobalSection
EndGlobal
