
Microsoft Visual Studio Solution File, Format Version 12.00
# Visual Studio Version 17
VisualStudioVersion = 17.5.33424.131
MinimumVisualStudioVersion = 10.0.40219.1
Project("{FAE04EC0-301F-11D3-BF4B-00C04F79EFBC}") = "hw0.0-Calculator", "hw0.0-Calculator.csproj", "{791AB14B-726F-41E7-A321-E94E8EC64BC1}"
EndProject
Global
	GlobalSection(SolutionConfigurationPlatforms) = preSolution
		Debug|Any CPU = Debug|Any CPU
		Release|Any CPU = Release|Any CPU
	EndGlobalSection
	GlobalSection(ProjectConfigurationPlatforms) = postSolution
		{791AB14B-726F-41E7-A321-E94E8EC64BC1}.Debug|Any CPU.ActiveCfg = Debug|Any CPU
		{791AB14B-726F-41E7-A321-E94E8EC64BC1}.Debug|Any CPU.Build.0 = Debug|Any CPU
		{791AB14B-726F-41E7-A321-E94E8EC64BC1}.Release|Any CPU.ActiveCfg = Release|Any CPU
		{791AB14B-726F-41E7-A321-E94E8EC64BC1}.Release|Any CPU.Build.0 = Release|Any CPU
	EndGlobalSection
	GlobalSection(SolutionProperties) = preSolution
		HideSolutionNode = FALSE
	EndGlobalSection
	GlobalSection(ExtensibilityGlobals) = postSolution
		SolutionGuid = {523C199C-823D-4EFB-B66F-7CD07EDBA765}
	EndGlobalSection
EndGlobal
