
Microsoft Visual Studio Solution File, Format Version 12.00
# Visual Studio Version 17
VisualStudioVersion = 17.5.33424.131
MinimumVisualStudioVersion = 10.0.40219.1
Project("{FAE04EC0-301F-11D3-BF4B-00C04F79EFBC}") = "hw1.b1-b3", "hw1.b1-b3.csproj", "{F8CFAEE1-A174-4AFE-A109-C0218804BB98}"
EndProject
Global
	GlobalSection(SolutionConfigurationPlatforms) = preSolution
		Debug|Any CPU = Debug|Any CPU
		Release|Any CPU = Release|Any CPU
	EndGlobalSection
	GlobalSection(ProjectConfigurationPlatforms) = postSolution
		{F8CFAEE1-A174-4AFE-A109-C0218804BB98}.Debug|Any CPU.ActiveCfg = Debug|Any CPU
		{F8CFAEE1-A174-4AFE-A109-C0218804BB98}.Debug|Any CPU.Build.0 = Debug|Any CPU
		{F8CFAEE1-A174-4AFE-A109-C0218804BB98}.Release|Any CPU.ActiveCfg = Release|Any CPU
		{F8CFAEE1-A174-4AFE-A109-C0218804BB98}.Release|Any CPU.Build.0 = Release|Any CPU
	EndGlobalSection
	GlobalSection(SolutionProperties) = preSolution
		HideSolutionNode = FALSE
	EndGlobalSection
	GlobalSection(ExtensibilityGlobals) = postSolution
		SolutionGuid = {F9839314-A0D4-441E-93A4-9F95887558B1}
	EndGlobalSection
EndGlobal
